
Microsoft Visual Studio Solution File, Format Version 12.00
# Visual Studio Version 17
VisualStudioVersion = 17.13.35806.99
MinimumVisualStudioVersion = 10.0.40219.1
Project("{FAE04EC0-301F-11D3-BF4B-00C04F79EFBC}") = "API", "API\API.csproj", "{1D468E27-5616-405F-9202-636445A0F9D5}"
EndProject
Project("{FAE04EC0-301F-11D3-BF4B-00C04F79EFBC}") = "API.Domain", "API.Domain\API.Domain.csproj", "{2DBEDFAC-88C9-4C7C-A8D2-1A81729C6A75}"
EndProject
Project("{FAE04EC0-301F-11D3-BF4B-00C04F79EFBC}") = "API.Infrastucture", "API.Infrastucture\API.Infrastucture.csproj", "{3304353D-9CC0-4602-88CA-18CBCD93D41E}"
EndProject
Project("{FAE04EC0-301F-11D3-BF4B-00C04F79EFBC}") = "API.Aplication", "API.Aplication\API.Aplication.csproj", "{574EE2A8-AABC-4943-B97C-05FCC0DADAE7}"
EndProject
Project("{2150E333-8FDC-42A3-9474-1A3956D46DE8}") = "ProductMicroService", "ProductMicroService", "{02EA681E-C7D8-13C7-8484-4AC65E1B71E8}"
EndProject
Project("{2150E333-8FDC-42A3-9474-1A3956D46DE8}") = "CustomerMicroService", "CustomerMicroService", "{C92A2A79-6F5D-4D43-A0ED-A2C98B35546D}"
EndProject
Project("{FAE04EC0-301F-11D3-BF4B-00C04F79EFBC}") = "Customer.API", "Customer.API\Customer.API.csproj", "{C61B6812-2942-4186-90FB-36CB4FF60F2D}"
EndProject
Project("{FAE04EC0-301F-11D3-BF4B-00C04F79EFBC}") = "Customer.Aplication", "Customer.Aplication\Customer.Aplication.csproj", "{0FAE4356-42AC-4D81-89A5-0A503AE3A244}"
EndProject
Project("{FAE04EC0-301F-11D3-BF4B-00C04F79EFBC}") = "Customer.Domain", "Consumer.Domain\Customer.Domain.csproj", "{A3F1B8A0-97AD-4ACD-9150-1574A312938F}"
EndProject
Project("{FAE04EC0-301F-11D3-BF4B-00C04F79EFBC}") = "Customer.Infrastucture", "Customer.Infrastructure\Customer.Infrastucture.csproj", "{D21D76C7-D331-48E1-B59D-5E1B5D4B0351}"
EndProject
Project("{2150E333-8FDC-42A3-9474-1A3956D46DE8}") = "OrderMicroService", "OrderMicroService", "{DCA16CC2-4C2A-4F1C-8694-2D1F6D1C5AF7}"
EndProject
Project("{FAE04EC0-301F-11D3-BF4B-00C04F79EFBC}") = "Order.API", "Order.API\Order.API.csproj", "{26270A0C-AF2C-4A81-B8C1-845BD96EE81A}"
EndProject
Project("{FAE04EC0-301F-11D3-BF4B-00C04F79EFBC}") = "Order.Aplication", "Order.Aplication\Order.Aplication.csproj", "{C2E75127-56E8-43B5-9B2F-915E73272ABB}"
EndProject
Project("{FAE04EC0-301F-11D3-BF4B-00C04F79EFBC}") = "Order.Infrastructure", "Order.Infrastructure\Order.Infrastructure.csproj", "{F3B844B9-1888-444F-A6E4-8A962AD6AD26}"
EndProject
Project("{FAE04EC0-301F-11D3-BF4B-00C04F79EFBC}") = "Order.Domain", "Order.Domain\Order.Domain.csproj", "{5B9FC05C-9D96-44EE-AFF3-D34E124D5AD7}"
EndProject
Project("{2150E333-8FDC-42A3-9474-1A3956D46DE8}") = "UI", "UI", "{DF816BD7-D4D9-4508-9629-9DEF5D5BF376}"
EndProject
Project("{FAE04EC0-301F-11D3-BF4B-00C04F79EFBC}") = "Ecommerce", "Ecommerce\Ecommerce.csproj", "{78115615-E2CF-45EB-96B0-E148E6827E04}"
EndProject
Project("{FAE04EC0-301F-11D3-BF4B-00C04F79EFBC}") = "UI.Service", "UI.Service\UI.Service.csproj", "{F995BB3A-2356-46A9-804B-8FA9A4CA40F5}"
EndProject
Global
	GlobalSection(SolutionConfigurationPlatforms) = preSolution
		Debug|Any CPU = Debug|Any CPU
		Release|Any CPU = Release|Any CPU
	EndGlobalSection
	GlobalSection(ProjectConfigurationPlatforms) = postSolution
		{1D468E27-5616-405F-9202-636445A0F9D5}.Debug|Any CPU.ActiveCfg = Debug|Any CPU
		{1D468E27-5616-405F-9202-636445A0F9D5}.Debug|Any CPU.Build.0 = Debug|Any CPU
		{1D468E27-5616-405F-9202-636445A0F9D5}.Release|Any CPU.ActiveCfg = Release|Any CPU
		{1D468E27-5616-405F-9202-636445A0F9D5}.Release|Any CPU.Build.0 = Release|Any CPU
		{2DBEDFAC-88C9-4C7C-A8D2-1A81729C6A75}.Debug|Any CPU.ActiveCfg = Debug|Any CPU
		{2DBEDFAC-88C9-4C7C-A8D2-1A81729C6A75}.Debug|Any CPU.Build.0 = Debug|Any CPU
		{2DBEDFAC-88C9-4C7C-A8D2-1A81729C6A75}.Release|Any CPU.ActiveCfg = Release|Any CPU
		{2DBEDFAC-88C9-4C7C-A8D2-1A81729C6A75}.Release|Any CPU.Build.0 = Release|Any CPU
		{3304353D-9CC0-4602-88CA-18CBCD93D41E}.Debug|Any CPU.ActiveCfg = Debug|Any CPU
		{3304353D-9CC0-4602-88CA-18CBCD93D41E}.Debug|Any CPU.Build.0 = Debug|Any CPU
		{3304353D-9CC0-4602-88CA-18CBCD93D41E}.Release|Any CPU.ActiveCfg = Release|Any CPU
		{3304353D-9CC0-4602-88CA-18CBCD93D41E}.Release|Any CPU.Build.0 = Release|Any CPU
		{574EE2A8-AABC-4943-B97C-05FCC0DADAE7}.Debug|Any CPU.ActiveCfg = Debug|Any CPU
		{574EE2A8-AABC-4943-B97C-05FCC0DADAE7}.Debug|Any CPU.Build.0 = Debug|Any CPU
		{574EE2A8-AABC-4943-B97C-05FCC0DADAE7}.Release|Any CPU.ActiveCfg = Release|Any CPU
		{574EE2A8-AABC-4943-B97C-05FCC0DADAE7}.Release|Any CPU.Build.0 = Release|Any CPU
		{C61B6812-2942-4186-90FB-36CB4FF60F2D}.Debug|Any CPU.ActiveCfg = Debug|Any CPU
		{C61B6812-2942-4186-90FB-36CB4FF60F2D}.Debug|Any CPU.Build.0 = Debug|Any CPU
		{C61B6812-2942-4186-90FB-36CB4FF60F2D}.Release|Any CPU.ActiveCfg = Release|Any CPU
		{C61B6812-2942-4186-90FB-36CB4FF60F2D}.Release|Any CPU.Build.0 = Release|Any CPU
		{0FAE4356-42AC-4D81-89A5-0A503AE3A244}.Debug|Any CPU.ActiveCfg = Debug|Any CPU
		{0FAE4356-42AC-4D81-89A5-0A503AE3A244}.Debug|Any CPU.Build.0 = Debug|Any CPU
		{0FAE4356-42AC-4D81-89A5-0A503AE3A244}.Release|Any CPU.ActiveCfg = Release|Any CPU
		{0FAE4356-42AC-4D81-89A5-0A503AE3A244}.Release|Any CPU.Build.0 = Release|Any CPU
		{A3F1B8A0-97AD-4ACD-9150-1574A312938F}.Debug|Any CPU.ActiveCfg = Debug|Any CPU
		{A3F1B8A0-97AD-4ACD-9150-1574A312938F}.Debug|Any CPU.Build.0 = Debug|Any CPU
		{A3F1B8A0-97AD-4ACD-9150-1574A312938F}.Release|Any CPU.ActiveCfg = Release|Any CPU
		{A3F1B8A0-97AD-4ACD-9150-1574A312938F}.Release|Any CPU.Build.0 = Release|Any CPU
		{D21D76C7-D331-48E1-B59D-5E1B5D4B0351}.Debug|Any CPU.ActiveCfg = Debug|Any CPU
		{D21D76C7-D331-48E1-B59D-5E1B5D4B0351}.Debug|Any CPU.Build.0 = Debug|Any CPU
		{D21D76C7-D331-48E1-B59D-5E1B5D4B0351}.Release|Any CPU.ActiveCfg = Release|Any CPU
		{D21D76C7-D331-48E1-B59D-5E1B5D4B0351}.Release|Any CPU.Build.0 = Release|Any CPU
		{26270A0C-AF2C-4A81-B8C1-845BD96EE81A}.Debug|Any CPU.ActiveCfg = Debug|Any CPU
		{26270A0C-AF2C-4A81-B8C1-845BD96EE81A}.Debug|Any CPU.Build.0 = Debug|Any CPU
		{26270A0C-AF2C-4A81-B8C1-845BD96EE81A}.Release|Any CPU.ActiveCfg = Release|Any CPU
		{26270A0C-AF2C-4A81-B8C1-845BD96EE81A}.Release|Any CPU.Build.0 = Release|Any CPU
		{C2E75127-56E8-43B5-9B2F-915E73272ABB}.Debug|Any CPU.ActiveCfg = Debug|Any CPU
		{C2E75127-56E8-43B5-9B2F-915E73272ABB}.Debug|Any CPU.Build.0 = Debug|Any CPU
		{C2E75127-56E8-43B5-9B2F-915E73272ABB}.Release|Any CPU.ActiveCfg = Release|Any CPU
		{C2E75127-56E8-43B5-9B2F-915E73272ABB}.Release|Any CPU.Build.0 = Release|Any CPU
		{F3B844B9-1888-444F-A6E4-8A962AD6AD26}.Debug|Any CPU.ActiveCfg = Debug|Any CPU
		{F3B844B9-1888-444F-A6E4-8A962AD6AD26}.Debug|Any CPU.Build.0 = Debug|Any CPU
		{F3B844B9-1888-444F-A6E4-8A962AD6AD26}.Release|Any CPU.ActiveCfg = Release|Any CPU
		{F3B844B9-1888-444F-A6E4-8A962AD6AD26}.Release|Any CPU.Build.0 = Release|Any CPU
		{5B9FC05C-9D96-44EE-AFF3-D34E124D5AD7}.Debug|Any CPU.ActiveCfg = Debug|Any CPU
		{5B9FC05C-9D96-44EE-AFF3-D34E124D5AD7}.Debug|Any CPU.Build.0 = Debug|Any CPU
		{5B9FC05C-9D96-44EE-AFF3-D34E124D5AD7}.Release|Any CPU.ActiveCfg = Release|Any CPU
		{5B9FC05C-9D96-44EE-AFF3-D34E124D5AD7}.Release|Any CPU.Build.0 = Release|Any CPU
		{78115615-E2CF-45EB-96B0-E148E6827E04}.Debug|Any CPU.ActiveCfg = Debug|Any CPU
		{78115615-E2CF-45EB-96B0-E148E6827E04}.Debug|Any CPU.Build.0 = Debug|Any CPU
		{78115615-E2CF-45EB-96B0-E148E6827E04}.Release|Any CPU.ActiveCfg = Release|Any CPU
		{78115615-E2CF-45EB-96B0-E148E6827E04}.Release|Any CPU.Build.0 = Release|Any CPU
		{F995BB3A-2356-46A9-804B-8FA9A4CA40F5}.Debug|Any CPU.ActiveCfg = Debug|Any CPU
		{F995BB3A-2356-46A9-804B-8FA9A4CA40F5}.Debug|Any CPU.Build.0 = Debug|Any CPU
		{F995BB3A-2356-46A9-804B-8FA9A4CA40F5}.Release|Any CPU.ActiveCfg = Release|Any CPU
		{F995BB3A-2356-46A9-804B-8FA9A4CA40F5}.Release|Any CPU.Build.0 = Release|Any CPU
	EndGlobalSection
	GlobalSection(SolutionProperties) = preSolution
		HideSolutionNode = FALSE
	EndGlobalSection
	GlobalSection(NestedProjects) = preSolution
		{1D468E27-5616-405F-9202-636445A0F9D5} = {02EA681E-C7D8-13C7-8484-4AC65E1B71E8}
		{2DBEDFAC-88C9-4C7C-A8D2-1A81729C6A75} = {02EA681E-C7D8-13C7-8484-4AC65E1B71E8}
		{3304353D-9CC0-4602-88CA-18CBCD93D41E} = {02EA681E-C7D8-13C7-8484-4AC65E1B71E8}
		{574EE2A8-AABC-4943-B97C-05FCC0DADAE7} = {02EA681E-C7D8-13C7-8484-4AC65E1B71E8}
		{C61B6812-2942-4186-90FB-36CB4FF60F2D} = {C92A2A79-6F5D-4D43-A0ED-A2C98B35546D}
		{0FAE4356-42AC-4D81-89A5-0A503AE3A244} = {C92A2A79-6F5D-4D43-A0ED-A2C98B35546D}
		{A3F1B8A0-97AD-4ACD-9150-1574A312938F} = {C92A2A79-6F5D-4D43-A0ED-A2C98B35546D}
		{D21D76C7-D331-48E1-B59D-5E1B5D4B0351} = {C92A2A79-6F5D-4D43-A0ED-A2C98B35546D}
		{26270A0C-AF2C-4A81-B8C1-845BD96EE81A} = {DCA16CC2-4C2A-4F1C-8694-2D1F6D1C5AF7}
		{C2E75127-56E8-43B5-9B2F-915E73272ABB} = {DCA16CC2-4C2A-4F1C-8694-2D1F6D1C5AF7}
		{F3B844B9-1888-444F-A6E4-8A962AD6AD26} = {DCA16CC2-4C2A-4F1C-8694-2D1F6D1C5AF7}
		{5B9FC05C-9D96-44EE-AFF3-D34E124D5AD7} = {DCA16CC2-4C2A-4F1C-8694-2D1F6D1C5AF7}
		{78115615-E2CF-45EB-96B0-E148E6827E04} = {DF816BD7-D4D9-4508-9629-9DEF5D5BF376}
		{F995BB3A-2356-46A9-804B-8FA9A4CA40F5} = {DF816BD7-D4D9-4508-9629-9DEF5D5BF376}
	EndGlobalSection
	GlobalSection(ExtensibilityGlobals) = postSolution
		SolutionGuid = {B72A7207-D877-4A3F-8F27-DDFA953D0C1D}
	EndGlobalSection
EndGlobal
